
Microsoft Visual Studio Solution File, Format Version 12.00
# Visual Studio Version 16
VisualStudioVersion = 16.0.29409.12
MinimumVisualStudioVersion = 10.0.40219.1
Project("{8BC9CEB8-8B4A-11D0-8D11-00A0C91BC942}") = "decoding-audio", "decoding-audio\decoding-audio.vcxproj", "{8A5B6926-B2A6-4526-8D38-CD2CFB71FEA4}"
EndProject
Global
	GlobalSection(SolutionConfigurationPlatforms) = preSolution
		Debug|x64 = Debug|x64
		Debug|x86 = Debug|x86
		Release|x64 = Release|x64
		Release|x86 = Release|x86
	EndGlobalSection
	GlobalSection(ProjectConfigurationPlatforms) = postSolution
		{8A5B6926-B2A6-4526-8D38-CD2CFB71FEA4}.Debug|x64.ActiveCfg = Debug|x64
		{8A5B6926-B2A6-4526-8D38-CD2CFB71FEA4}.Debug|x64.Build.0 = Debug|x64
		{8A5B6926-B2A6-4526-8D38-CD2CFB71FEA4}.Debug|x86.ActiveCfg = Debug|Win32
		{8A5B6926-B2A6-4526-8D38-CD2CFB71FEA4}.Debug|x86.Build.0 = Debug|Win32
		{8A5B6926-B2A6-4526-8D38-CD2CFB71FEA4}.Release|x64.ActiveCfg = Release|x64
		{8A5B6926-B2A6-4526-8D38-CD2CFB71FEA4}.Release|x64.Build.0 = Release|x64
		{8A5B6926-B2A6-4526-8D38-CD2CFB71FEA4}.Release|x86.ActiveCfg = Release|Win32
		{8A5B6926-B2A6-4526-8D38-CD2CFB71FEA4}.Release|x86.Build.0 = Release|Win32
	EndGlobalSection
	GlobalSection(SolutionProperties) = preSolution
		HideSolutionNode = FALSE
	EndGlobalSection
	GlobalSection(ExtensibilityGlobals) = postSolution
		SolutionGuid = {4DEC66A3-E9E9-4DD2-93F4-C0DB65E75666}
	EndGlobalSection
EndGlobal
