
Microsoft Visual Studio Solution File, Format Version 12.00
# Visual Studio Version 16
VisualStudioVersion = 16.0.29409.12
MinimumVisualStudioVersion = 10.0.40219.1
Project("{8BC9CEB8-8B4A-11D0-8D11-00A0C91BC942}") = "test_ffplayer", "test_ffplayer\test_ffplayer.vcxproj", "{D794D4D6-D87C-424D-805C-37C541663B4A}"
EndProject
Global
	GlobalSection(SolutionConfigurationPlatforms) = preSolution
		Debug|x64 = Debug|x64
		Debug|x86 = Debug|x86
		Release|x64 = Release|x64
		Release|x86 = Release|x86
	EndGlobalSection
	GlobalSection(ProjectConfigurationPlatforms) = postSolution
		{D794D4D6-D87C-424D-805C-37C541663B4A}.Debug|x64.ActiveCfg = Debug|x64
		{D794D4D6-D87C-424D-805C-37C541663B4A}.Debug|x64.Build.0 = Debug|x64
		{D794D4D6-D87C-424D-805C-37C541663B4A}.Debug|x86.ActiveCfg = Debug|Win32
		{D794D4D6-D87C-424D-805C-37C541663B4A}.Debug|x86.Build.0 = Debug|Win32
		{D794D4D6-D87C-424D-805C-37C541663B4A}.Release|x64.ActiveCfg = Release|x64
		{D794D4D6-D87C-424D-805C-37C541663B4A}.Release|x64.Build.0 = Release|x64
		{D794D4D6-D87C-424D-805C-37C541663B4A}.Release|x86.ActiveCfg = Release|Win32
		{D794D4D6-D87C-424D-805C-37C541663B4A}.Release|x86.Build.0 = Release|Win32
	EndGlobalSection
	GlobalSection(SolutionProperties) = preSolution
		HideSolutionNode = FALSE
	EndGlobalSection
	GlobalSection(ExtensibilityGlobals) = postSolution
		SolutionGuid = {F75F620D-B4AC-4314-9ECA-817C3AE36A37}
	EndGlobalSection
EndGlobal
